
Microsoft Visual Studio Solution File, Format Version 12.00
# Visual Studio Version 16
VisualStudioVersion = 16.0.32126.315
MinimumVisualStudioVersion = 10.0.40219.1
Project("{FAE04EC0-301F-11D3-BF4B-00C04F79EFBC}") = "ContosoUniversity", "ContosoUniversity\ContosoUniversity.csproj", "{788348F9-BE06-474D-91C0-69278B4C1A27}"
EndProject
Global
	GlobalSection(SolutionConfigurationPlatforms) = preSolution
		Debug|Any CPU = Debug|Any CPU
		Release|Any CPU = Release|Any CPU
	EndGlobalSection
	GlobalSection(ProjectConfigurationPlatforms) = postSolution
		{788348F9-BE06-474D-91C0-69278B4C1A27}.Debug|Any CPU.ActiveCfg = Debug|Any CPU
		{788348F9-BE06-474D-91C0-69278B4C1A27}.Debug|Any CPU.Build.0 = Debug|Any CPU
		{788348F9-BE06-474D-91C0-69278B4C1A27}.Release|Any CPU.ActiveCfg = Release|Any CPU
		{788348F9-BE06-474D-91C0-69278B4C1A27}.Release|Any CPU.Build.0 = Release|Any CPU
	EndGlobalSection
	GlobalSection(SolutionProperties) = preSolution
		HideSolutionNode = FALSE
	EndGlobalSection
	GlobalSection(ExtensibilityGlobals) = postSolution
		SolutionGuid = {726BBA34-5746-426D-94ED-92DA040E82BE}
	EndGlobalSection
EndGlobal
